// !$*UTF8*$!
{
	archiveVersion = 1;
	classes = {
	};
	objectVersion = 46;
	objects = {

/* Begin PBXBuildFile section */
		2CF8F8071E49277D0037E990 /* AppDelegate.swift in Sources */ = {isa = PBXBuildFile; fileRef = 2CF8F8061E49277D0037E990 /* AppDelegate.swift */; };
		2CF8F8091E49277D0037E990 /* ViewController.swift in Sources */ = {isa = PBXBuildFile; fileRef = 2CF8F8081E49277D0037E990 /* ViewController.swift */; };
		2CF8F80C1E49277D0037E990 /* Main.storyboard in Resources */ = {isa = PBXBuildFile; fileRef = 2CF8F80A1E49277D0037E990 /* Main.storyboard */; };
		2CF8F80E1E49277D0037E990 /* Assets.xcassets in Resources */ = {isa = PBXBuildFile; fileRef = 2CF8F80D1E49277D0037E990 /* Assets.xcassets */; };
		2CF8F8111E49277D0037E990 /* LaunchScreen.storyboard in Resources */ = {isa = PBXBuildFile; fileRef = 2CF8F80F1E49277D0037E990 /* LaunchScreen.storyboard */; };
/* End PBXBuildFile section */

/* Begin PBXFileReference section */
		2CF8F8031E49277D0037E990 /* TableViev_Vpoint.app */ = {isa = PBXFileReference; explicitFileType = wrapper.application; includeInIndex = 0; path = TableViev_Vpoint.app; sourceTree = BUILT_PRODUCTS_DIR; };
		2CF8F8061E49277D0037E990 /* AppDelegate.swift */ = {isa = PBXFileReference; lastKnownFileType = sourcecode.swift; path = AppDelegate.swift; sourceTree = "<group>"; };
		2CF8F8081E49277D0037E990 /* ViewController.swift */ = {isa = PBXFileReference; lastKnownFileType = sourcecode.swift; path = ViewController.swift; sourceTree = "<group>"; };
		2CF8F80B1E49277D0037E990 /* Base */ = {isa = PBXFileReference; lastKnownFileType = file.storyboard; name = Base; path = Base.lproj/Main.storyboard; sourceTree = "<group>"; };
		2CF8F80D1E49277D0037E990 /* Assets.xcassets */ = {isa = PBXFileReference; lastKnownFileType = folder.assetcatalog; path = Assets.xcassets; sourceTree = "<group>"; };
		2CF8F8101E49277D0037E990 /* Base */ = {isa = PBXFileReference; lastKnownFileType = file.storyboard; name = Base; path = Base.lproj/LaunchScreen.storyboard; sourceTree = "<group>"; };
		2CF8F8121E49277D0037E990 /* Info.plist */ = {isa = PBXFileReference; lastKnownFileType = text.plist.xml; path = Info.plist; sourceTree = "<group>"; };
/* End PBXFileReference section */

/* Begin PBXFrameworksBuildPhase section */
		2CF8F8001E49277C0037E990 /* Frameworks */ = {
			isa = PBXFrameworksBuildPhase;
			buildActionMask = 2147483647;
			files = (
			);
			runOnlyForDeploymentPostprocessing = 0;
		};
/* End PBXFrameworksBuildPhase section */

/* Begin PBXGroup section */
		2CF8F7FA1E49277C0037E990 = {
			isa = PBXGroup;
			children = (
				2CF8F8051E49277D0037E990 /* TableViev_Vpoint */,
				2CF8F8041E49277D0037E990 /* Products */,
			);
			sourceTree = "<group>";
		};
		2CF8F8041E49277D0037E990 /* Products */ = {
			isa = PBXGroup;
			children = (
				2CF8F8031E49277D0037E990 /* TableViev_Vpoint.app */,
			);
			name = Products;
			sourceTree = "<group>";
		};
		2CF8F8051E49277D0037E990 /* TableViev_Vpoint */ = {
			isa = PBXGroup;
			children = (
				2CF8F8061E49277D0037E990 /* AppDelegate.swift */,
				2CF8F8081E49277D0037E990 /* ViewController.swift */,
				2CF8F80A1E49277D0037E990 /* Main.storyboard */,
				2CF8F80D1E49277D0037E990 /* Assets.xcassets */,
				2CF8F80F1E49277D0037E990 /* LaunchScreen.storyboard */,
				2CF8F8121E49277D0037E990 /* Info.plist */,
			);
			path = TableViev_Vpoint;
			sourceTree = "<group>";
		};
/* End PBXGroup section */

/* Begin PBXNativeTarget section */
		2CF8F8021E49277C0037E990 /* TableViev_Vpoint */ = {
			isa = PBXNativeTarget;
			buildConfigurationList = 2CF8F8151E49277D0037E990 /* Build configuration list for PBXNativeTarget "TableViev_Vpoint" */;
			buildPhases = (
				2CF8F7FF1E49277C0037E990 /* Sources */,
				2CF8F8001E49277C0037E990 /* Frameworks */,
				2CF8F8011E49277C0037E990 /* Resources */,
			);
			buildRules = (
			);
			dependencies = (
			);
			name = TableViev_Vpoint;
			productName = TableViev_Vpoint;
			productReference = 2CF8F8031E49277D0037E990 /* TableViev_Vpoint.app */;
			productType = "com.apple.product-type.application";
		};
/* End PBXNativeTarget section */

/* Begin PBXProject section */
		2CF8F7FB1E49277C0037E990 /* Project object */ = {
			isa = PBXProject;
			attributes = {
				LastSwiftUpdateCheck = 0800;
				LastUpgradeCheck = 0800;
				ORGANIZATIONNAME = "Slawomir Kurczewski";
				TargetAttributes = {
					2CF8F8021E49277C0037E990 = {
						CreatedOnToolsVersion = 8.0;
						ProvisioningStyle = Automatic;
					};
				};
			};
			buildConfigurationList = 2CF8F7FE1E49277C0037E990 /* Build configuration list for PBXProject "TableViev_Vpoint" */;
			compatibilityVersion = "Xcode 3.2";
			developmentRegion = English;
			hasScannedForEncodings = 0;
			knownRegions = (
				en,
				Base,
			);
			mainGroup = 2CF8F7FA1E49277C0037E990;
			productRefGroup = 2CF8F8041E49277D0037E990 /* Products */;
			projectDirPath = "";
			projectRoot = "";
			targets = (
				2CF8F8021E49277C0037E990 /* TableViev_Vpoint */,
			);
		};
/* End PBXProject section */

/* Begin PBXResourcesBuildPhase section */
		2CF8F8011E49277C0037E990 /* Resources */ = {
			isa = PBXResourcesBuildPhase;
			buildActionMask = 2147483647;
			files = (
				2CF8F8111E49277D0037E990 /* LaunchScreen.storyboard in Resources */,
				2CF8F80E1E49277D0037E990 /* Assets.xcassets in Resources */,
				2CF8F80C1E49277D0037E990 /* Main.storyboard in Resources */,
			);
			runOnlyForDeploymentPostprocessing = 0;
		};
/* End PBXResourcesBuildPhase section */

/* Begin PBXSourcesBuildPhase section */
		2CF8F7FF1E49277C0037E990 /* Sources */ = {
			isa = PBXSourcesBuildPhase;
			buildActionMask = 2147483647;
			files = (
				2CF8F8091E49277D0037E990 /* ViewController.swift in Sources */,
				2CF8F8071E49277D0037E990 /* AppDelegate.swift in Sources */,
			);
			runOnlyForDeploymentPostprocessing = 0;
		};
/* End PBXSourcesBuildPhase section */

/* Begin PBXVariantGroup section */
		2CF8F80A1E49277D0037E990 /* Main.storyboard */ = {
			isa = PBXVariantGroup;
			children = (
				2CF8F80B1E49277D0037E990 /* Base */,
			);
			name = Main.storyboard;
			sourceTree = "<group>";
		};
		2CF8F80F1E49277D0037E990 /* LaunchScreen.storyboard */ = {
			isa = PBXVariantGroup;
			children = (
				2CF8F8101E49277D0037E990 /* Base */,
			);
			name = LaunchScreen.storyboard;
			sourceTree = "<group>";
		};
/* End PBXVariantGroup section */

/* Begin XCBuildConfiguration section */
		2CF8F8131E49277D0037E990 /* Debug */ = {
			isa = XCBuildConfiguration;
			buildSettings = {
				ALWAYS_SEARCH_USER_PATHS = NO;
				CLANG_ANALYZER_NONNULL = YES;
				CLANG_CXX_LANGUAGE_STANDARD = "gnu++0x";
				CLANG_CXX_LIBRARY = "libc++";
				CLANG_ENABLE_MODULES = YES;
				CLANG_ENABLE_OBJC_ARC = YES;
				CLANG_WARN_BOOL_CONVERSION = YES;
				CLANG_WARN_CONSTANT_CONVERSION = YES;
				CLANG_WARN_DIRECT_OBJC_ISA_USAGE = YES_ERROR;
				CLANG_WARN_DOCUMENTATION_COMMENTS = YES;
				CLANG_WARN_EMPTY_BODY = YES;
				CLANG_WARN_ENUM_CONVERSION = YES;
				CLANG_WARN_INFINITE_RECURSION = YES;
				CLANG_WARN_INT_CONVERSION = YES;
				CLANG_WARN_OBJC_ROOT_CLASS = YES_ERROR;
				CLANG_WARN_SUSPICIOUS_MOVES = YES;
				CLANG_WARN_UNREACHABLE_CODE = YES;
				CLANG_WARN__DUPLICATE_METHOD_MATCH = YES;
				"CODE_SIGN_IDENTITY[sdk=iphoneos*]" = "iPhone Developer";
				COPY_PHASE_STRIP = NO;
				DEBUG_INFORMATION_FORMAT = dwarf;
				ENABLE_STRICT_OBJC_MSGSEND = YES;
				ENABLE_TESTABILITY = YES;
				GCC_C_LANGUAGE_STANDARD = gnu99;
				GCC_DYNAMIC_NO_PIC = NO;
				GCC_NO_COMMON_BLOCKS = YES;
				GCC_OPTIMIZATION_LEVEL = 0;
				GCC_PREPROCESSOR_DEFINITIONS = (
					"DEBUG=1",
					"$(inherited)",
				);
				GCC_WARN_64_TO_32_BIT_CONVERSION = YES;
				GCC_WARN_ABOUT_RETURN_TYPE = YES_ERROR;
				GCC_WARN_UNDECLARED_SELECTOR = YES;
				GCC_WARN_UNINITIALIZED_AUTOS = YES_AGGRESSIVE;
				GCC_WARN_UNUSED_FUNCTION = YES;
				GCC_WARN_UNUSED_VARIABLE = YES;
				IPHONEOS_DEPLOYMENT_TARGET = 10.0;
				MTL_ENABLE_DEBUG_INFO = YES;
				ONLY_ACTIVE_ARCH = YES;
				SDKROOT = iphoneos;
				SWIFT_ACTIVE_COMPILATION_CONDITIONS = DEBUG;
				SWIFT_OPTIMIZATION_LEVEL = "-Onone";
				TARGETED_DEVICE_FAMILY = "1,2";
			};
			name = Debug;
		};
		2CF8F8141E49277D0037E990 /* Release */ = {
			isa = XCBuildConfiguration;
			buildSettings = {
				ALWAYS_SEARCH_USER_PATHS = NO;
				CLANG_ANALYZER_NONNULL = YES;
				CLANG_CXX_LANGUAGE_STANDARD = "gnu++0x";
				CLANG_CXX_LIBRARY = "libc++";
				CLANG_ENABLE_MODULES = YES;
				CLANG_ENABLE_OBJC_ARC = YES;
				CLANG_WARN_BOOL_CONVERSION = YES;
				CLANG_WARN_CONSTANT_CONVERSION = YES;
				CLANG_WARN_DIRECT_OBJC_ISA_USAGE = YES_ERROR;
				CLANG_WARN_DOCUMENTATION_COMMENTS = YES;
				CLANG_WARN_EMPTY_BODY = YES;
				CLANG_WARN_ENUM_CONVERSION = YES;
				CLANG_WARN_INFINITE_RECURSION = YES;
				CLANG_WARN_INT_CONVERSION = YES;
				CLANG_WARN_OBJC_ROOT_CLASS = YES_ERROR;
				CLANG_WARN_SUSPICIOUS_MOVES = YES;
				CLANG_WARN_UNREACHABLE_CODE = YES;
				CLANG_WARN__DUPLICATE_METHOD_MATCH = YES;
				"CODE_SIGN_IDENTITY[sdk=iphoneos*]" = "iPhone Developer";
				COPY_PHASE_STRIP = NO;
				DEBUG_INFORMATION_FORMAT = "dwarf-with-dsym";
				ENABLE_NS_ASSERTIONS = NO;
				ENABLE_STRICT_OBJC_MSGSEND = YES;
				GCC_C_LANGUAGE_STANDARD = gnu99;
				GCC_NO_COMMON_BLOCKS = YES;
				GCC_WARN_64_TO_32_BIT_CONVERSION = YES;
				GCC_WARN_ABOUT_RETURN_TYPE = YES_ERROR;
				GCC_WARN_UNDECLARED_SELECTOR = YES;
				GCC_WARN_UNINITIALIZED_AUTOS = YES_AGGRESSIVE;
				GCC_WARN_UNUSED_FUNCTION = YES;
				GCC_WARN_UNUSED_VARIABLE = YES;
				IPHONEOS_DEPLOYMENT_TARGET = 10.0;
				MTL_ENABLE_DEBUG_INFO = NO;
				SDKROOT = iphoneos;
				SWIFT_OPTIMIZATION_LEVEL = "-Owholemodule";
				TARGETED_DEVICE_FAMILY = "1,2";
				VALIDATE_PRODUCT = YES;
			};
			name = Release;
		};
		2CF8F8161E49277D0037E990 /* Debug */ = {
			isa = XCBuildConfiguration;
			buildSettings = {
				ASSETCATALOG_COMPILER_APPICON_NAME = AppIcon;
				INFOPLIST_FILE = TableViev_Vpoint/Info.plist;
				LD_RUNPATH_SEARCH_PATHS = "$(inherited) @executable_path/Frameworks";
				PRODUCT_BUNDLE_IDENTIFIER = "pl.wroclaw.pwr.TableViev-Vpoint";
				PRODUCT_NAME = "$(TARGET_NAME)";
				SWIFT_VERSION = 3.0;
			};
			name = Debug;
		};
		2CF8F8171E49277D0037E990 /* Release */ = {
			isa = XCBuildConfiguration;
			buildSettings = {
				ASSETCATALOG_COMPILER_APPICON_NAME = AppIcon;
				INFOPLIST_FILE = TableViev_Vpoint/Info.plist;
				LD_RUNPATH_SEARCH_PATHS = "$(inherited) @executable_path/Frameworks";
				PRODUCT_BUNDLE_IDENTIFIER = "pl.wroclaw.pwr.TableViev-Vpoint";
				PRODUCT_NAME = "$(TARGET_NAME)";
				SWIFT_VERSION = 3.0;
			};
			name = Release;
		};
/* End XCBuildConfiguration section */

/* Begin XCConfigurationList section */
		2CF8F7FE1E49277C0037E990 /* Build configuration list for PBXProject "TableViev_Vpoint" */ = {
			isa = XCConfigurationList;
			buildConfigurations = (
				2CF8F8131E49277D0037E990 /* Debug */,
				2CF8F8141E49277D0037E990 /* Release */,
			);
			defaultConfigurationIsVisible = 0;
			defaultConfigurationName = Release;
		};
		2CF8F8151E49277D0037E990 /* Build configuration list for PBXNativeTarget "TableViev_Vpoint" */ = {
			isa = XCConfigurationList;
			buildConfigurations = (
				2CF8F8161E49277D0037E990 /* Debug */,
				2CF8F8171E49277D0037E990 /* Release */,
			);
			defaultConfigurationIsVisible = 0;
		};
/* End XCConfigurationList section */
	};
	rootObject = 2CF8F7FB1E49277C0037E990 /* Project object */;
}
